
Microsoft Visual Studio Solution File, Format Version 12.00
# Visual Studio Version 17
VisualStudioVersion = 17.14.36310.24 d17.14
MinimumVisualStudioVersion = 10.0.40219.1
Project("{FAE04EC0-301F-11D3-BF4B-00C04F79EFBC}") = "ConsoleTodoApp", "ConsoleTodoApp\ConsoleTodoApp.csproj", "{3EBA5DF8-2C28-4F6D-B583-C4F8222BF2EE}"
EndProject
Project("{FAE04EC0-301F-11D3-BF4B-00C04F79EFBC}") = "TodoAppWpf", "TodoAppWpf\TodoAppWpf.csproj", "{A1EBB63D-B4B5-4014-AED9-B5E32A67142E}"
EndProject
Global
	GlobalSection(SolutionConfigurationPlatforms) = preSolution
		Debug|Any CPU = Debug|Any CPU
		Release|Any CPU = Release|Any CPU
	EndGlobalSection
	GlobalSection(ProjectConfigurationPlatforms) = postSolution
		{3EBA5DF8-2C28-4F6D-B583-C4F8222BF2EE}.Debug|Any CPU.ActiveCfg = Debug|Any CPU
		{3EBA5DF8-2C28-4F6D-B583-C4F8222BF2EE}.Debug|Any CPU.Build.0 = Debug|Any CPU
		{3EBA5DF8-2C28-4F6D-B583-C4F8222BF2EE}.Release|Any CPU.ActiveCfg = Release|Any CPU
		{3EBA5DF8-2C28-4F6D-B583-C4F8222BF2EE}.Release|Any CPU.Build.0 = Release|Any CPU
		{A1EBB63D-B4B5-4014-AED9-B5E32A67142E}.Debug|Any CPU.ActiveCfg = Debug|Any CPU
		{A1EBB63D-B4B5-4014-AED9-B5E32A67142E}.Debug|Any CPU.Build.0 = Debug|Any CPU
		{A1EBB63D-B4B5-4014-AED9-B5E32A67142E}.Release|Any CPU.ActiveCfg = Release|Any CPU
		{A1EBB63D-B4B5-4014-AED9-B5E32A67142E}.Release|Any CPU.Build.0 = Release|Any CPU
	EndGlobalSection
	GlobalSection(SolutionProperties) = preSolution
		HideSolutionNode = FALSE
	EndGlobalSection
	GlobalSection(ExtensibilityGlobals) = postSolution
		SolutionGuid = {7053A152-D970-4F71-8830-D35B26F66B23}
	EndGlobalSection
EndGlobal
